
Microsoft Visual Studio Solution File, Format Version 12.00
# Visual Studio Version 17
VisualStudioVersion = 17.4.33213.308
MinimumVisualStudioVersion = 10.0.40219.1
Project("{FAE04EC0-301F-11D3-BF4B-00C04F79EFBC}") = "Calendar.Android", "Calendar\Calendar.Android\Calendar.Android.csproj", "{0A1B860C-5AEE-48A3-A4CA-E8290FAF87AF}"
EndProject
Project("{FAE04EC0-301F-11D3-BF4B-00C04F79EFBC}") = "Calendar.iOS", "Calendar\Calendar.iOS\Calendar.iOS.csproj", "{2B6C14C0-652C-466D-BEFD-F3C360B277A0}"
EndProject
Project("{FAE04EC0-301F-11D3-BF4B-00C04F79EFBC}") = "Calendar", "Calendar\Calendar\Calendar.csproj", "{5B6AF01E-F3C9-4CBF-B9F4-81149254D51A}"
EndProject
Global
	GlobalSection(SolutionConfigurationPlatforms) = preSolution
		Debug|Any CPU = Debug|Any CPU
		Debug|iPhone = Debug|iPhone
		Debug|iPhoneSimulator = Debug|iPhoneSimulator
		Release|Any CPU = Release|Any CPU
		Release|iPhone = Release|iPhone
		Release|iPhoneSimulator = Release|iPhoneSimulator
	EndGlobalSection
	GlobalSection(ProjectConfigurationPlatforms) = postSolution
		{0A1B860C-5AEE-48A3-A4CA-E8290FAF87AF}.Debug|Any CPU.ActiveCfg = Debug|Any CPU
		{0A1B860C-5AEE-48A3-A4CA-E8290FAF87AF}.Debug|Any CPU.Build.0 = Debug|Any CPU
		{0A1B860C-5AEE-48A3-A4CA-E8290FAF87AF}.Debug|Any CPU.Deploy.0 = Debug|Any CPU
		{0A1B860C-5AEE-48A3-A4CA-E8290FAF87AF}.Debug|iPhone.ActiveCfg = Debug|Any CPU
		{0A1B860C-5AEE-48A3-A4CA-E8290FAF87AF}.Debug|iPhone.Build.0 = Debug|Any CPU
		{0A1B860C-5AEE-48A3-A4CA-E8290FAF87AF}.Debug|iPhone.Deploy.0 = Debug|Any CPU
		{0A1B860C-5AEE-48A3-A4CA-E8290FAF87AF}.Debug|iPhoneSimulator.ActiveCfg = Debug|Any CPU
		{0A1B860C-5AEE-48A3-A4CA-E8290FAF87AF}.Debug|iPhoneSimulator.Build.0 = Debug|Any CPU
		{0A1B860C-5AEE-48A3-A4CA-E8290FAF87AF}.Debug|iPhoneSimulator.Deploy.0 = Debug|Any CPU
		{0A1B860C-5AEE-48A3-A4CA-E8290FAF87AF}.Release|Any CPU.ActiveCfg = Release|Any CPU
		{0A1B860C-5AEE-48A3-A4CA-E8290FAF87AF}.Release|Any CPU.Build.0 = Release|Any CPU
		{0A1B860C-5AEE-48A3-A4CA-E8290FAF87AF}.Release|Any CPU.Deploy.0 = Release|Any CPU
		{0A1B860C-5AEE-48A3-A4CA-E8290FAF87AF}.Release|iPhone.ActiveCfg = Release|Any CPU
		{0A1B860C-5AEE-48A3-A4CA-E8290FAF87AF}.Release|iPhone.Build.0 = Release|Any CPU
		{0A1B860C-5AEE-48A3-A4CA-E8290FAF87AF}.Release|iPhone.Deploy.0 = Release|Any CPU
		{0A1B860C-5AEE-48A3-A4CA-E8290FAF87AF}.Release|iPhoneSimulator.ActiveCfg = Release|Any CPU
		{0A1B860C-5AEE-48A3-A4CA-E8290FAF87AF}.Release|iPhoneSimulator.Build.0 = Release|Any CPU
		{0A1B860C-5AEE-48A3-A4CA-E8290FAF87AF}.Release|iPhoneSimulator.Deploy.0 = Release|Any CPU
		{2B6C14C0-652C-466D-BEFD-F3C360B277A0}.Debug|Any CPU.ActiveCfg = Debug|iPhone
		{2B6C14C0-652C-466D-BEFD-F3C360B277A0}.Debug|Any CPU.Build.0 = Debug|iPhone
		{2B6C14C0-652C-466D-BEFD-F3C360B277A0}.Debug|Any CPU.Deploy.0 = Debug|iPhone
		{2B6C14C0-652C-466D-BEFD-F3C360B277A0}.Debug|iPhone.ActiveCfg = Debug|iPhone
		{2B6C14C0-652C-466D-BEFD-F3C360B277A0}.Debug|iPhone.Build.0 = Debug|iPhone
		{2B6C14C0-652C-466D-BEFD-F3C360B277A0}.Debug|iPhone.Deploy.0 = Debug|iPhone
		{2B6C14C0-652C-466D-BEFD-F3C360B277A0}.Debug|iPhoneSimulator.ActiveCfg = Debug|iPhoneSimulator
		{2B6C14C0-652C-466D-BEFD-F3C360B277A0}.Debug|iPhoneSimulator.Build.0 = Debug|iPhoneSimulator
		{2B6C14C0-652C-466D-BEFD-F3C360B277A0}.Debug|iPhoneSimulator.Deploy.0 = Debug|iPhoneSimulator
		{2B6C14C0-652C-466D-BEFD-F3C360B277A0}.Release|Any CPU.ActiveCfg = Release|iPhoneSimulator
		{2B6C14C0-652C-466D-BEFD-F3C360B277A0}.Release|Any CPU.Build.0 = Release|iPhoneSimulator
		{2B6C14C0-652C-466D-BEFD-F3C360B277A0}.Release|Any CPU.Deploy.0 = Release|iPhoneSimulator
		{2B6C14C0-652C-466D-BEFD-F3C360B277A0}.Release|iPhone.ActiveCfg = Release|iPhone
		{2B6C14C0-652C-466D-BEFD-F3C360B277A0}.Release|iPhone.Build.0 = Release|iPhone
		{2B6C14C0-652C-466D-BEFD-F3C360B277A0}.Release|iPhone.Deploy.0 = Release|iPhone
		{2B6C14C0-652C-466D-BEFD-F3C360B277A0}.Release|iPhoneSimulator.ActiveCfg = Release|iPhoneSimulator
		{2B6C14C0-652C-466D-BEFD-F3C360B277A0}.Release|iPhoneSimulator.Build.0 = Release|iPhoneSimulator
		{2B6C14C0-652C-466D-BEFD-F3C360B277A0}.Release|iPhoneSimulator.Deploy.0 = Release|iPhoneSimulator
		{5B6AF01E-F3C9-4CBF-B9F4-81149254D51A}.Debug|Any CPU.ActiveCfg = Debug|Any CPU
		{5B6AF01E-F3C9-4CBF-B9F4-81149254D51A}.Debug|Any CPU.Build.0 = Debug|Any CPU
		{5B6AF01E-F3C9-4CBF-B9F4-81149254D51A}.Debug|Any CPU.Deploy.0 = Debug|Any CPU
		{5B6AF01E-F3C9-4CBF-B9F4-81149254D51A}.Debug|iPhone.ActiveCfg = Debug|Any CPU
		{5B6AF01E-F3C9-4CBF-B9F4-81149254D51A}.Debug|iPhone.Build.0 = Debug|Any CPU
		{5B6AF01E-F3C9-4CBF-B9F4-81149254D51A}.Debug|iPhone.Deploy.0 = Debug|Any CPU
		{5B6AF01E-F3C9-4CBF-B9F4-81149254D51A}.Debug|iPhoneSimulator.ActiveCfg = Debug|Any CPU
		{5B6AF01E-F3C9-4CBF-B9F4-81149254D51A}.Debug|iPhoneSimulator.Build.0 = Debug|Any CPU
		{5B6AF01E-F3C9-4CBF-B9F4-81149254D51A}.Debug|iPhoneSimulator.Deploy.0 = Debug|Any CPU
		{5B6AF01E-F3C9-4CBF-B9F4-81149254D51A}.Release|Any CPU.ActiveCfg = Release|Any CPU
		{5B6AF01E-F3C9-4CBF-B9F4-81149254D51A}.Release|Any CPU.Build.0 = Release|Any CPU
		{5B6AF01E-F3C9-4CBF-B9F4-81149254D51A}.Release|Any CPU.Deploy.0 = Release|Any CPU
		{5B6AF01E-F3C9-4CBF-B9F4-81149254D51A}.Release|iPhone.ActiveCfg = Release|Any CPU
		{5B6AF01E-F3C9-4CBF-B9F4-81149254D51A}.Release|iPhone.Build.0 = Release|Any CPU
		{5B6AF01E-F3C9-4CBF-B9F4-81149254D51A}.Release|iPhone.Deploy.0 = Release|Any CPU
		{5B6AF01E-F3C9-4CBF-B9F4-81149254D51A}.Release|iPhoneSimulator.ActiveCfg = Release|Any CPU
		{5B6AF01E-F3C9-4CBF-B9F4-81149254D51A}.Release|iPhoneSimulator.Build.0 = Release|Any CPU
		{5B6AF01E-F3C9-4CBF-B9F4-81149254D51A}.Release|iPhoneSimulator.Deploy.0 = Release|Any CPU
	EndGlobalSection
	GlobalSection(SolutionProperties) = preSolution
		HideSolutionNode = FALSE
	EndGlobalSection
	GlobalSection(ExtensibilityGlobals) = postSolution
		SolutionGuid = {6FF34FB6-B936-407B-8ABF-2C8FF18B5AB3}
	EndGlobalSection
EndGlobal
